
Microsoft Visual Studio Solution File, Format Version 12.00
# Visual Studio Version 17
VisualStudioVersion = 17.3.32804.467
MinimumVisualStudioVersion = 10.0.40219.1
Project("{9A19103F-16F7-4668-BE54-9A1E7A4F7556}") = "CheckOut.WebApi", "CheckOut.WebApi\CheckOut.WebApi.csproj", "{E58981E0-94FD-42BC-BB64-C5FE88DFF021}"
EndProject
Project("{9A19103F-16F7-4668-BE54-9A1E7A4F7556}") = "CheckOut.UnitTests", "CheckOut.UnitTests\CheckOut.UnitTests.csproj", "{62A54670-6C15-4544-A87E-91999A777A47}"
EndProject
Project("{9A19103F-16F7-4668-BE54-9A1E7A4F7556}") = "CheckOut.BusinsessLogic", "CheckOut.BusinsessLogic\CheckOut.BusinsessLogic.csproj", "{491B462E-4324-40A6-84A1-A1D9B0C6F288}"
EndProject
Project("{9A19103F-16F7-4668-BE54-9A1E7A4F7556}") = "CheckOut.Infrastructure", "CheckOut.Infrastructure\CheckOut.Infrastructure.csproj", "{1A7AA686-F302-4D2B-B3CB-C1016DC17F7A}"
EndProject
Project("{FAE04EC0-301F-11D3-BF4B-00C04F79EFBC}") = "CheckOut.DataAccess", "CheckOut.DataAccess\CheckOut.DataAccess.csproj", "{B7BC7D90-2D2C-47AC-A7C1-AD6804DF1EF8}"
EndProject
Project("{2150E333-8FDC-42A3-9474-1A3956D46DE8}") = "Scripts", "Scripts", "{23C23F6C-8897-4B35-8186-F1A288621A3D}"
	ProjectSection(SolutionItems) = preProject
		migrations.txt = migrations.txt
	EndProjectSection
EndProject
Global
	GlobalSection(SolutionConfigurationPlatforms) = preSolution
		Debug|Any CPU = Debug|Any CPU
		Release|Any CPU = Release|Any CPU
	EndGlobalSection
	GlobalSection(ProjectConfigurationPlatforms) = postSolution
		{E58981E0-94FD-42BC-BB64-C5FE88DFF021}.Debug|Any CPU.ActiveCfg = Debug|Any CPU
		{E58981E0-94FD-42BC-BB64-C5FE88DFF021}.Debug|Any CPU.Build.0 = Debug|Any CPU
		{E58981E0-94FD-42BC-BB64-C5FE88DFF021}.Release|Any CPU.ActiveCfg = Release|Any CPU
		{E58981E0-94FD-42BC-BB64-C5FE88DFF021}.Release|Any CPU.Build.0 = Release|Any CPU
		{62A54670-6C15-4544-A87E-91999A777A47}.Debug|Any CPU.ActiveCfg = Debug|Any CPU
		{62A54670-6C15-4544-A87E-91999A777A47}.Debug|Any CPU.Build.0 = Debug|Any CPU
		{62A54670-6C15-4544-A87E-91999A777A47}.Release|Any CPU.ActiveCfg = Release|Any CPU
		{62A54670-6C15-4544-A87E-91999A777A47}.Release|Any CPU.Build.0 = Release|Any CPU
		{491B462E-4324-40A6-84A1-A1D9B0C6F288}.Debug|Any CPU.ActiveCfg = Debug|Any CPU
		{491B462E-4324-40A6-84A1-A1D9B0C6F288}.Debug|Any CPU.Build.0 = Debug|Any CPU
		{491B462E-4324-40A6-84A1-A1D9B0C6F288}.Release|Any CPU.ActiveCfg = Release|Any CPU
		{491B462E-4324-40A6-84A1-A1D9B0C6F288}.Release|Any CPU.Build.0 = Release|Any CPU
		{1A7AA686-F302-4D2B-B3CB-C1016DC17F7A}.Debug|Any CPU.ActiveCfg = Debug|Any CPU
		{1A7AA686-F302-4D2B-B3CB-C1016DC17F7A}.Debug|Any CPU.Build.0 = Debug|Any CPU
		{1A7AA686-F302-4D2B-B3CB-C1016DC17F7A}.Release|Any CPU.ActiveCfg = Release|Any CPU
		{1A7AA686-F302-4D2B-B3CB-C1016DC17F7A}.Release|Any CPU.Build.0 = Release|Any CPU
		{B7BC7D90-2D2C-47AC-A7C1-AD6804DF1EF8}.Debug|Any CPU.ActiveCfg = Debug|Any CPU
		{B7BC7D90-2D2C-47AC-A7C1-AD6804DF1EF8}.Debug|Any CPU.Build.0 = Debug|Any CPU
		{B7BC7D90-2D2C-47AC-A7C1-AD6804DF1EF8}.Release|Any CPU.ActiveCfg = Release|Any CPU
		{B7BC7D90-2D2C-47AC-A7C1-AD6804DF1EF8}.Release|Any CPU.Build.0 = Release|Any CPU
	EndGlobalSection
	GlobalSection(SolutionProperties) = preSolution
		HideSolutionNode = FALSE
	EndGlobalSection
	GlobalSection(ExtensibilityGlobals) = postSolution
		SolutionGuid = {AA42BD59-1A7F-49A8-AEFE-5A1C3F1F8B91}
	EndGlobalSection
EndGlobal
